
Microsoft Visual Studio Solution File, Format Version 12.00
# Visual Studio Version 16
VisualStudioVersion = 16.0.31702.278
MinimumVisualStudioVersion = 10.0.40219.1
Project("{9A19103F-16F7-4668-BE54-9A1E7A4F7556}") = "Entities", "Entities\Entities.csproj", "{38367A94-4DC4-4F0D-B2FC-6E4C6C30DAEF}"
EndProject
Project("{9A19103F-16F7-4668-BE54-9A1E7A4F7556}") = "DataAccess", "DataAccess\DataAccess.csproj", "{C8790792-1263-41DF-B117-3EF15727CC50}"
EndProject
Project("{9A19103F-16F7-4668-BE54-9A1E7A4F7556}") = "Core", "Core\Core.csproj", "{D56CBA2E-EAAF-4078-8D46-50B1A9F91F5C}"
EndProject
Project("{9A19103F-16F7-4668-BE54-9A1E7A4F7556}") = "Business", "Business\Business.csproj", "{6B113B70-07C0-4D1E-9762-D00966789B0A}"
EndProject
Project("{FAE04EC0-301F-11D3-BF4B-00C04F79EFBC}") = "ConsoleUI", "ConsoleUI\ConsoleUI.csproj", "{15619D8E-16A1-452E-A972-168A98671543}"
EndProject
Global
	GlobalSection(SolutionConfigurationPlatforms) = preSolution
		Debug|Any CPU = Debug|Any CPU
		Release|Any CPU = Release|Any CPU
	EndGlobalSection
	GlobalSection(ProjectConfigurationPlatforms) = postSolution
		{38367A94-4DC4-4F0D-B2FC-6E4C6C30DAEF}.Debug|Any CPU.ActiveCfg = Debug|Any CPU
		{38367A94-4DC4-4F0D-B2FC-6E4C6C30DAEF}.Debug|Any CPU.Build.0 = Debug|Any CPU
		{38367A94-4DC4-4F0D-B2FC-6E4C6C30DAEF}.Release|Any CPU.ActiveCfg = Release|Any CPU
		{38367A94-4DC4-4F0D-B2FC-6E4C6C30DAEF}.Release|Any CPU.Build.0 = Release|Any CPU
		{C8790792-1263-41DF-B117-3EF15727CC50}.Debug|Any CPU.ActiveCfg = Debug|Any CPU
		{C8790792-1263-41DF-B117-3EF15727CC50}.Debug|Any CPU.Build.0 = Debug|Any CPU
		{C8790792-1263-41DF-B117-3EF15727CC50}.Release|Any CPU.ActiveCfg = Release|Any CPU
		{C8790792-1263-41DF-B117-3EF15727CC50}.Release|Any CPU.Build.0 = Release|Any CPU
		{D56CBA2E-EAAF-4078-8D46-50B1A9F91F5C}.Debug|Any CPU.ActiveCfg = Debug|Any CPU
		{D56CBA2E-EAAF-4078-8D46-50B1A9F91F5C}.Debug|Any CPU.Build.0 = Debug|Any CPU
		{D56CBA2E-EAAF-4078-8D46-50B1A9F91F5C}.Release|Any CPU.ActiveCfg = Release|Any CPU
		{D56CBA2E-EAAF-4078-8D46-50B1A9F91F5C}.Release|Any CPU.Build.0 = Release|Any CPU
		{6B113B70-07C0-4D1E-9762-D00966789B0A}.Debug|Any CPU.ActiveCfg = Debug|Any CPU
		{6B113B70-07C0-4D1E-9762-D00966789B0A}.Debug|Any CPU.Build.0 = Debug|Any CPU
		{6B113B70-07C0-4D1E-9762-D00966789B0A}.Release|Any CPU.ActiveCfg = Release|Any CPU
		{6B113B70-07C0-4D1E-9762-D00966789B0A}.Release|Any CPU.Build.0 = Release|Any CPU
		{15619D8E-16A1-452E-A972-168A98671543}.Debug|Any CPU.ActiveCfg = Debug|Any CPU
		{15619D8E-16A1-452E-A972-168A98671543}.Debug|Any CPU.Build.0 = Debug|Any CPU
		{15619D8E-16A1-452E-A972-168A98671543}.Release|Any CPU.ActiveCfg = Release|Any CPU
		{15619D8E-16A1-452E-A972-168A98671543}.Release|Any CPU.Build.0 = Release|Any CPU
	EndGlobalSection
	GlobalSection(SolutionProperties) = preSolution
		HideSolutionNode = FALSE
	EndGlobalSection
	GlobalSection(ExtensibilityGlobals) = postSolution
		SolutionGuid = {F819CA94-0585-4B73-A3A2-D9C58BB58FAC}
	EndGlobalSection
EndGlobal
